
Microsoft Visual Studio Solution File, Format Version 12.00
# Visual Studio Version 17
VisualStudioVersion = 17.0.32112.339
MinimumVisualStudioVersion = 10.0.40219.1
Project("{8BC9CEB8-8B4A-11D0-8D11-00A0C91BC942}") = "MainProject", "MainProject\MainProject.vcxproj", "{1718B94A-9CA3-4D17-9B3C-9FF79E089F8F}"
EndProject
Project("{8BC9CEB8-8B4A-11D0-8D11-00A0C91BC942}") = "Point.Project", "Point.Project\Point.Project.vcxproj", "{F299AE22-9252-4536-8726-3890610AB1EB}"
EndProject
Project("{8BC9CEB8-8B4A-11D0-8D11-00A0C91BC942}") = "DragonProject", "DragonProject\DragonProject.vcxproj", "{7A038A9C-0FA8-4D27-980D-76465DD2A277}"
EndProject
Project("{8BC9CEB8-8B4A-11D0-8D11-00A0C91BC942}") = "IntegerProject", "IntegerProject\IntegerProject.vcxproj", "{4A9626E0-35AD-4F22-8646-C4209D43814D}"
EndProject
Global
	GlobalSection(SolutionConfigurationPlatforms) = preSolution
		Debug|x64 = Debug|x64
		Debug|x86 = Debug|x86
		Release|x64 = Release|x64
		Release|x86 = Release|x86
	EndGlobalSection
	GlobalSection(ProjectConfigurationPlatforms) = postSolution
		{1718B94A-9CA3-4D17-9B3C-9FF79E089F8F}.Debug|x64.ActiveCfg = Debug|x64
		{1718B94A-9CA3-4D17-9B3C-9FF79E089F8F}.Debug|x64.Build.0 = Debug|x64
		{1718B94A-9CA3-4D17-9B3C-9FF79E089F8F}.Debug|x86.ActiveCfg = Debug|Win32
		{1718B94A-9CA3-4D17-9B3C-9FF79E089F8F}.Debug|x86.Build.0 = Debug|Win32
		{1718B94A-9CA3-4D17-9B3C-9FF79E089F8F}.Release|x64.ActiveCfg = Release|x64
		{1718B94A-9CA3-4D17-9B3C-9FF79E089F8F}.Release|x64.Build.0 = Release|x64
		{1718B94A-9CA3-4D17-9B3C-9FF79E089F8F}.Release|x86.ActiveCfg = Release|Win32
		{1718B94A-9CA3-4D17-9B3C-9FF79E089F8F}.Release|x86.Build.0 = Release|Win32
		{F299AE22-9252-4536-8726-3890610AB1EB}.Debug|x64.ActiveCfg = Debug|x64
		{F299AE22-9252-4536-8726-3890610AB1EB}.Debug|x64.Build.0 = Debug|x64
		{F299AE22-9252-4536-8726-3890610AB1EB}.Debug|x86.ActiveCfg = Debug|Win32
		{F299AE22-9252-4536-8726-3890610AB1EB}.Debug|x86.Build.0 = Debug|Win32
		{F299AE22-9252-4536-8726-3890610AB1EB}.Release|x64.ActiveCfg = Release|x64
		{F299AE22-9252-4536-8726-3890610AB1EB}.Release|x64.Build.0 = Release|x64
		{F299AE22-9252-4536-8726-3890610AB1EB}.Release|x86.ActiveCfg = Release|Win32
		{F299AE22-9252-4536-8726-3890610AB1EB}.Release|x86.Build.0 = Release|Win32
		{7A038A9C-0FA8-4D27-980D-76465DD2A277}.Debug|x64.ActiveCfg = Debug|x64
		{7A038A9C-0FA8-4D27-980D-76465DD2A277}.Debug|x64.Build.0 = Debug|x64
		{7A038A9C-0FA8-4D27-980D-76465DD2A277}.Debug|x86.ActiveCfg = Debug|Win32
		{7A038A9C-0FA8-4D27-980D-76465DD2A277}.Debug|x86.Build.0 = Debug|Win32
		{7A038A9C-0FA8-4D27-980D-76465DD2A277}.Release|x64.ActiveCfg = Release|x64
		{7A038A9C-0FA8-4D27-980D-76465DD2A277}.Release|x64.Build.0 = Release|x64
		{7A038A9C-0FA8-4D27-980D-76465DD2A277}.Release|x86.ActiveCfg = Release|Win32
		{7A038A9C-0FA8-4D27-980D-76465DD2A277}.Release|x86.Build.0 = Release|Win32
		{4A9626E0-35AD-4F22-8646-C4209D43814D}.Debug|x64.ActiveCfg = Debug|x64
		{4A9626E0-35AD-4F22-8646-C4209D43814D}.Debug|x64.Build.0 = Debug|x64
		{4A9626E0-35AD-4F22-8646-C4209D43814D}.Debug|x86.ActiveCfg = Debug|Win32
		{4A9626E0-35AD-4F22-8646-C4209D43814D}.Debug|x86.Build.0 = Debug|Win32
		{4A9626E0-35AD-4F22-8646-C4209D43814D}.Release|x64.ActiveCfg = Release|x64
		{4A9626E0-35AD-4F22-8646-C4209D43814D}.Release|x64.Build.0 = Release|x64
		{4A9626E0-35AD-4F22-8646-C4209D43814D}.Release|x86.ActiveCfg = Release|Win32
		{4A9626E0-35AD-4F22-8646-C4209D43814D}.Release|x86.Build.0 = Release|Win32
	EndGlobalSection
	GlobalSection(SolutionProperties) = preSolution
		HideSolutionNode = FALSE
	EndGlobalSection
	GlobalSection(ExtensibilityGlobals) = postSolution
		SolutionGuid = {9C430F94-70D5-47A3-9468-D3A41EDF64FD}
	EndGlobalSection
EndGlobal
